{
  "object": {
    "pins": [
      {
        "package": "KeychainAccess",
        "repositoryURL": "https://github.com/kishikawakatsumi/KeychainAccess.git",
        "state": {
          "branch": null,
          "revision": "84e546727d66f1adc5439debad16270d0fdd04e7",
          "version": "4.2.2"
        }
      },
      {
        "package": "NerdzNetworking",
        "repositoryURL": "https://github.com/nerdzlab/NerdzNetworking.git",
        "state": {
          "branch": null,
          "revision": "8e31c804f8f9fb17fef8bb3e2d76a9b54baebecf",
          "version": "2.0.0"
        }
      },
      {
        "package": "NerdzUtils",
        "repositoryURL": "https://github.com/nerdzlab/NerdzUtils.git",
        "state": {
          "branch": null,
          "revision": "0db4ba8aab128c21f03bdc505d4b9e8ca25eb9c4",
          "version": "1.0.86"
        }
      },
      {
        "package": "TrustKit",
        "repositoryURL": "https://github.com/datatheorem/TrustKit.git",
        "state": {
          "branch": null,
          "revision": "65d573e0e2687ea91ab0b1be377f9dd3eb1c2785",
          "version": "2.0.1"
        }
      },
      {
        "package": "Version",
        "repositoryURL": "https://github.com/mrackwitz/Version.git",
        "state": {
          "branch": null,
          "revision": "fd4b0eb5756aa7f1c33977fb626cf37d2140a3a0",
          "version": "0.8.0"
        }
      }
    ]
  },
  "version": 1
}
