{
  "object": {
    "pins": [
      {
        "package": "KeychainAccess",
        "repositoryURL": "https://github.com/kishikawakatsumi/KeychainAccess.git",
        "state": {
          "branch": null,
          "revision": "84e546727d66f1adc5439debad16270d0fdd04e7",
          "version": "4.2.2"
        }
      },
      {
        "package": "NerdzNetworking",
        "repositoryURL": "https://github.com/nerdzlab/NerdzNetworking.git",
        "state": {
          "branch": null,
          "revision": "d23fd9b11bad0f073417f6afca242cf6a8db9f03",
          "version": "1.8.2"
        }
      },
      {
        "package": "NerdzUtils",
        "repositoryURL": "https://github.com/nerdzlab/NerdzUtils.git",
        "state": {
          "branch": null,
          "revision": "74ede578b15f542426672c68fd2c6cf435fb6be0",
          "version": "1.0.90"
        }
      },
      {
        "package": "TrustKit",
        "repositoryURL": "https://github.com/datatheorem/TrustKit.git",
        "state": {
          "branch": null,
          "revision": "65d573e0e2687ea91ab0b1be377f9dd3eb1c2785",
          "version": "2.0.1"
        }
      }
    ]
  },
  "version": 1
}
