{
  "object": {
    "pins": [
      {
        "package": "NerdzNetworking",
        "repositoryURL": "https://github.com/nerdzlab/NerdzNetworking.git",
        "state": {
          "branch": null,
          "revision": "090344230b894704da2d31c254b9c6f5898a22fa",
          "version": "1.1.2"
        }
      }
    ]
  },
  "version": 1
}
