// !$*UTF8*$!
{
	archiveVersion = 1;
	classes = {
	};
	objectVersion = 52;
	objects = {

/* Begin PBXBuildFile section */
		84AE26B9269C389A00BBD45B /* AppStoreVersionProvider.swift in Sources */ = {isa = PBXBuildFile; fileRef = 84AE26B8269C389A00BBD45B /* AppStoreVersionProvider.swift */; };
		84AE26BB269C38B100BBD45B /* FirebaseConfigVersionProvider.swift in Sources */ = {isa = PBXBuildFile; fileRef = 84AE26BA269C38B100BBD45B /* FirebaseConfigVersionProvider.swift */; };
		84AE26BD269C38C000BBD45B /* ServerVersionProvider.swift in Sources */ = {isa = PBXBuildFile; fileRef = 84AE26BC269C38C000BBD45B /* ServerVersionProvider.swift */; };
		84AE26C0269C719D00BBD45B /* NerdzNetworking in Frameworks */ = {isa = PBXBuildFile; productRef = 84AE26BF269C719D00BBD45B /* NerdzNetworking */; };
		84AE26C2269C756200BBD45B /* AppStoreCountry.swift in Sources */ = {isa = PBXBuildFile; fileRef = 84AE26C1269C756200BBD45B /* AppStoreCountry.swift */; };
		84AE26C4269C801C00BBD45B /* DataParser.swift in Sources */ = {isa = PBXBuildFile; fileRef = 84AE26C3269C801C00BBD45B /* DataParser.swift */; };
		84DADE112698A4F300D39864 /* AppDelegate.swift in Sources */ = {isa = PBXBuildFile; fileRef = 84DADE102698A4F300D39864 /* AppDelegate.swift */; };
		84DADE132698A4F300D39864 /* SceneDelegate.swift in Sources */ = {isa = PBXBuildFile; fileRef = 84DADE122698A4F300D39864 /* SceneDelegate.swift */; };
		84DADE152698A4F300D39864 /* ViewController.swift in Sources */ = {isa = PBXBuildFile; fileRef = 84DADE142698A4F300D39864 /* ViewController.swift */; };
		84DADE182698A4F300D39864 /* Main.storyboard in Resources */ = {isa = PBXBuildFile; fileRef = 84DADE162698A4F300D39864 /* Main.storyboard */; };
		84DADE1A2698A4F500D39864 /* Assets.xcassets in Resources */ = {isa = PBXBuildFile; fileRef = 84DADE192698A4F500D39864 /* Assets.xcassets */; };
		84DADE1D2698A4F500D39864 /* LaunchScreen.storyboard in Resources */ = {isa = PBXBuildFile; fileRef = 84DADE1B2698A4F500D39864 /* LaunchScreen.storyboard */; };
		84DADE252698A66D00D39864 /* VersionVerifier.swift in Sources */ = {isa = PBXBuildFile; fileRef = 84DADE242698A66D00D39864 /* VersionVerifier.swift */; };
		84DADE272698A6D400D39864 /* VersionProviderType.swift in Sources */ = {isa = PBXBuildFile; fileRef = 84DADE262698A6D400D39864 /* VersionProviderType.swift */; };
/* End PBXBuildFile section */

/* Begin PBXFileReference section */
		84AE26B8269C389A00BBD45B /* AppStoreVersionProvider.swift */ = {isa = PBXFileReference; lastKnownFileType = sourcecode.swift; path = AppStoreVersionProvider.swift; sourceTree = "<group>"; };
		84AE26BA269C38B100BBD45B /* FirebaseConfigVersionProvider.swift */ = {isa = PBXFileReference; lastKnownFileType = sourcecode.swift; path = FirebaseConfigVersionProvider.swift; sourceTree = "<group>"; };
		84AE26BC269C38C000BBD45B /* ServerVersionProvider.swift */ = {isa = PBXFileReference; lastKnownFileType = sourcecode.swift; path = ServerVersionProvider.swift; sourceTree = "<group>"; };
		84AE26C1269C756200BBD45B /* AppStoreCountry.swift */ = {isa = PBXFileReference; lastKnownFileType = sourcecode.swift; path = AppStoreCountry.swift; sourceTree = "<group>"; };
		84AE26C3269C801C00BBD45B /* DataParser.swift */ = {isa = PBXFileReference; lastKnownFileType = sourcecode.swift; path = DataParser.swift; sourceTree = "<group>"; };
		84DADE0D2698A4F300D39864 /* NerdzAppUpdatesDemo.app */ = {isa = PBXFileReference; explicitFileType = wrapper.application; includeInIndex = 0; path = NerdzAppUpdatesDemo.app; sourceTree = BUILT_PRODUCTS_DIR; };
		84DADE102698A4F300D39864 /* AppDelegate.swift */ = {isa = PBXFileReference; lastKnownFileType = sourcecode.swift; path = AppDelegate.swift; sourceTree = "<group>"; };
		84DADE122698A4F300D39864 /* SceneDelegate.swift */ = {isa = PBXFileReference; lastKnownFileType = sourcecode.swift; path = SceneDelegate.swift; sourceTree = "<group>"; };
		84DADE142698A4F300D39864 /* ViewController.swift */ = {isa = PBXFileReference; lastKnownFileType = sourcecode.swift; path = ViewController.swift; sourceTree = "<group>"; };
		84DADE172698A4F300D39864 /* Base */ = {isa = PBXFileReference; lastKnownFileType = file.storyboard; name = Base; path = Base.lproj/Main.storyboard; sourceTree = "<group>"; };
		84DADE192698A4F500D39864 /* Assets.xcassets */ = {isa = PBXFileReference; lastKnownFileType = folder.assetcatalog; path = Assets.xcassets; sourceTree = "<group>"; };
		84DADE1C2698A4F500D39864 /* Base */ = {isa = PBXFileReference; lastKnownFileType = file.storyboard; name = Base; path = Base.lproj/LaunchScreen.storyboard; sourceTree = "<group>"; };
		84DADE1E2698A4F500D39864 /* Info.plist */ = {isa = PBXFileReference; lastKnownFileType = text.plist.xml; path = Info.plist; sourceTree = "<group>"; };
		84DADE242698A66D00D39864 /* VersionVerifier.swift */ = {isa = PBXFileReference; lastKnownFileType = sourcecode.swift; path = VersionVerifier.swift; sourceTree = "<group>"; };
		84DADE262698A6D400D39864 /* VersionProviderType.swift */ = {isa = PBXFileReference; lastKnownFileType = sourcecode.swift; path = VersionProviderType.swift; sourceTree = "<group>"; };
/* End PBXFileReference section */

/* Begin PBXFrameworksBuildPhase section */
		84DADE0A2698A4F300D39864 /* Frameworks */ = {
			isa = PBXFrameworksBuildPhase;
			buildActionMask = 2147483647;
			files = (
				84AE26C0269C719D00BBD45B /* NerdzNetworking in Frameworks */,
			);
			runOnlyForDeploymentPostprocessing = 0;
		};
/* End PBXFrameworksBuildPhase section */

/* Begin PBXGroup section */
		84DADE042698A4F300D39864 = {
			isa = PBXGroup;
			children = (
				84DADE0F2698A4F300D39864 /* NerdzAppUpdatesDemo */,
				84DADE0E2698A4F300D39864 /* Products */,
			);
			sourceTree = "<group>";
		};
		84DADE0E2698A4F300D39864 /* Products */ = {
			isa = PBXGroup;
			children = (
				84DADE0D2698A4F300D39864 /* NerdzAppUpdatesDemo.app */,
			);
			name = Products;
			sourceTree = "<group>";
		};
		84DADE0F2698A4F300D39864 /* NerdzAppUpdatesDemo */ = {
			isa = PBXGroup;
			children = (
				84DADE102698A4F300D39864 /* AppDelegate.swift */,
				84DADE122698A4F300D39864 /* SceneDelegate.swift */,
				84DADE142698A4F300D39864 /* ViewController.swift */,
				84DADE162698A4F300D39864 /* Main.storyboard */,
				84DADE192698A4F500D39864 /* Assets.xcassets */,
				84DADE1B2698A4F500D39864 /* LaunchScreen.storyboard */,
				84DADE1E2698A4F500D39864 /* Info.plist */,
				84DADE242698A66D00D39864 /* VersionVerifier.swift */,
				84DADE262698A6D400D39864 /* VersionProviderType.swift */,
				84AE26B8269C389A00BBD45B /* AppStoreVersionProvider.swift */,
				84AE26BA269C38B100BBD45B /* FirebaseConfigVersionProvider.swift */,
				84AE26BC269C38C000BBD45B /* ServerVersionProvider.swift */,
				84AE26C1269C756200BBD45B /* AppStoreCountry.swift */,
				84AE26C3269C801C00BBD45B /* DataParser.swift */,
			);
			path = NerdzAppUpdatesDemo;
			sourceTree = "<group>";
		};
/* End PBXGroup section */

/* Begin PBXNativeTarget section */
		84DADE0C2698A4F300D39864 /* NerdzAppUpdatesDemo */ = {
			isa = PBXNativeTarget;
			buildConfigurationList = 84DADE212698A4F500D39864 /* Build configuration list for PBXNativeTarget "NerdzAppUpdatesDemo" */;
			buildPhases = (
				84DADE092698A4F300D39864 /* Sources */,
				84DADE0A2698A4F300D39864 /* Frameworks */,
				84DADE0B2698A4F300D39864 /* Resources */,
			);
			buildRules = (
			);
			dependencies = (
			);
			name = NerdzAppUpdatesDemo;
			packageProductDependencies = (
				84AE26BF269C719D00BBD45B /* NerdzNetworking */,
			);
			productName = NerdzAppUpdatesDemo;
			productReference = 84DADE0D2698A4F300D39864 /* NerdzAppUpdatesDemo.app */;
			productType = "com.apple.product-type.application";
		};
/* End PBXNativeTarget section */

/* Begin PBXProject section */
		84DADE052698A4F300D39864 /* Project object */ = {
			isa = PBXProject;
			attributes = {
				LastSwiftUpdateCheck = 1250;
				LastUpgradeCheck = 1250;
				TargetAttributes = {
					84DADE0C2698A4F300D39864 = {
						CreatedOnToolsVersion = 12.5.1;
					};
				};
			};
			buildConfigurationList = 84DADE082698A4F300D39864 /* Build configuration list for PBXProject "NerdzAppUpdatesDemo" */;
			compatibilityVersion = "Xcode 9.3";
			developmentRegion = en;
			hasScannedForEncodings = 0;
			knownRegions = (
				en,
				Base,
			);
			mainGroup = 84DADE042698A4F300D39864;
			packageReferences = (
				84AE26BE269C719D00BBD45B /* XCRemoteSwiftPackageReference "NerdzNetworking" */,
			);
			productRefGroup = 84DADE0E2698A4F300D39864 /* Products */;
			projectDirPath = "";
			projectRoot = "";
			targets = (
				84DADE0C2698A4F300D39864 /* NerdzAppUpdatesDemo */,
			);
		};
/* End PBXProject section */

/* Begin PBXResourcesBuildPhase section */
		84DADE0B2698A4F300D39864 /* Resources */ = {
			isa = PBXResourcesBuildPhase;
			buildActionMask = 2147483647;
			files = (
				84DADE1D2698A4F500D39864 /* LaunchScreen.storyboard in Resources */,
				84DADE1A2698A4F500D39864 /* Assets.xcassets in Resources */,
				84DADE182698A4F300D39864 /* Main.storyboard in Resources */,
			);
			runOnlyForDeploymentPostprocessing = 0;
		};
/* End PBXResourcesBuildPhase section */

/* Begin PBXSourcesBuildPhase section */
		84DADE092698A4F300D39864 /* Sources */ = {
			isa = PBXSourcesBuildPhase;
			buildActionMask = 2147483647;
			files = (
				84DADE152698A4F300D39864 /* ViewController.swift in Sources */,
				84AE26B9269C389A00BBD45B /* AppStoreVersionProvider.swift in Sources */,
				84DADE112698A4F300D39864 /* AppDelegate.swift in Sources */,
				84AE26BB269C38B100BBD45B /* FirebaseConfigVersionProvider.swift in Sources */,
				84DADE252698A66D00D39864 /* VersionVerifier.swift in Sources */,
				84AE26C2269C756200BBD45B /* AppStoreCountry.swift in Sources */,
				84AE26C4269C801C00BBD45B /* DataParser.swift in Sources */,
				84DADE132698A4F300D39864 /* SceneDelegate.swift in Sources */,
				84AE26BD269C38C000BBD45B /* ServerVersionProvider.swift in Sources */,
				84DADE272698A6D400D39864 /* VersionProviderType.swift in Sources */,
			);
			runOnlyForDeploymentPostprocessing = 0;
		};
/* End PBXSourcesBuildPhase section */

/* Begin PBXVariantGroup section */
		84DADE162698A4F300D39864 /* Main.storyboard */ = {
			isa = PBXVariantGroup;
			children = (
				84DADE172698A4F300D39864 /* Base */,
			);
			name = Main.storyboard;
			sourceTree = "<group>";
		};
		84DADE1B2698A4F500D39864 /* LaunchScreen.storyboard */ = {
			isa = PBXVariantGroup;
			children = (
				84DADE1C2698A4F500D39864 /* Base */,
			);
			name = LaunchScreen.storyboard;
			sourceTree = "<group>";
		};
/* End PBXVariantGroup section */

/* Begin XCBuildConfiguration section */
		84DADE1F2698A4F500D39864 /* Debug */ = {
			isa = XCBuildConfiguration;
			buildSettings = {
				ALWAYS_SEARCH_USER_PATHS = NO;
				CLANG_ANALYZER_NONNULL = YES;
				CLANG_ANALYZER_NUMBER_OBJECT_CONVERSION = YES_AGGRESSIVE;
				CLANG_CXX_LANGUAGE_STANDARD = "gnu++14";
				CLANG_CXX_LIBRARY = "libc++";
				CLANG_ENABLE_MODULES = YES;
				CLANG_ENABLE_OBJC_ARC = YES;
				CLANG_ENABLE_OBJC_WEAK = YES;
				CLANG_WARN_BLOCK_CAPTURE_AUTORELEASING = YES;
				CLANG_WARN_BOOL_CONVERSION = YES;
				CLANG_WARN_COMMA = YES;
				CLANG_WARN_CONSTANT_CONVERSION = YES;
				CLANG_WARN_DEPRECATED_OBJC_IMPLEMENTATIONS = YES;
				CLANG_WARN_DIRECT_OBJC_ISA_USAGE = YES_ERROR;
				CLANG_WARN_DOCUMENTATION_COMMENTS = YES;
				CLANG_WARN_EMPTY_BODY = YES;
				CLANG_WARN_ENUM_CONVERSION = YES;
				CLANG_WARN_INFINITE_RECURSION = YES;
				CLANG_WARN_INT_CONVERSION = YES;
				CLANG_WARN_NON_LITERAL_NULL_CONVERSION = YES;
				CLANG_WARN_OBJC_IMPLICIT_RETAIN_SELF = YES;
				CLANG_WARN_OBJC_LITERAL_CONVERSION = YES;
				CLANG_WARN_OBJC_ROOT_CLASS = YES_ERROR;
				CLANG_WARN_QUOTED_INCLUDE_IN_FRAMEWORK_HEADER = YES;
				CLANG_WARN_RANGE_LOOP_ANALYSIS = YES;
				CLANG_WARN_STRICT_PROTOTYPES = YES;
				CLANG_WARN_SUSPICIOUS_MOVE = YES;
				CLANG_WARN_UNGUARDED_AVAILABILITY = YES_AGGRESSIVE;
				CLANG_WARN_UNREACHABLE_CODE = YES;
				CLANG_WARN__DUPLICATE_METHOD_MATCH = YES;
				COPY_PHASE_STRIP = NO;
				DEBUG_INFORMATION_FORMAT = dwarf;
				ENABLE_STRICT_OBJC_MSGSEND = YES;
				ENABLE_TESTABILITY = YES;
				GCC_C_LANGUAGE_STANDARD = gnu11;
				GCC_DYNAMIC_NO_PIC = NO;
				GCC_NO_COMMON_BLOCKS = YES;
				GCC_OPTIMIZATION_LEVEL = 0;
				GCC_PREPROCESSOR_DEFINITIONS = (
					"DEBUG=1",
					"$(inherited)",
				);
				GCC_WARN_64_TO_32_BIT_CONVERSION = YES;
				GCC_WARN_ABOUT_RETURN_TYPE = YES_ERROR;
				GCC_WARN_UNDECLARED_SELECTOR = YES;
				GCC_WARN_UNINITIALIZED_AUTOS = YES_AGGRESSIVE;
				GCC_WARN_UNUSED_FUNCTION = YES;
				GCC_WARN_UNUSED_VARIABLE = YES;
				IPHONEOS_DEPLOYMENT_TARGET = 14.5;
				MTL_ENABLE_DEBUG_INFO = INCLUDE_SOURCE;
				MTL_FAST_MATH = YES;
				ONLY_ACTIVE_ARCH = YES;
				SDKROOT = iphoneos;
				SWIFT_ACTIVE_COMPILATION_CONDITIONS = DEBUG;
				SWIFT_OPTIMIZATION_LEVEL = "-Onone";
			};
			name = Debug;
		};
		84DADE202698A4F500D39864 /* Release */ = {
			isa = XCBuildConfiguration;
			buildSettings = {
				ALWAYS_SEARCH_USER_PATHS = NO;
				CLANG_ANALYZER_NONNULL = YES;
				CLANG_ANALYZER_NUMBER_OBJECT_CONVERSION = YES_AGGRESSIVE;
				CLANG_CXX_LANGUAGE_STANDARD = "gnu++14";
				CLANG_CXX_LIBRARY = "libc++";
				CLANG_ENABLE_MODULES = YES;
				CLANG_ENABLE_OBJC_ARC = YES;
				CLANG_ENABLE_OBJC_WEAK = YES;
				CLANG_WARN_BLOCK_CAPTURE_AUTORELEASING = YES;
				CLANG_WARN_BOOL_CONVERSION = YES;
				CLANG_WARN_COMMA = YES;
				CLANG_WARN_CONSTANT_CONVERSION = YES;
				CLANG_WARN_DEPRECATED_OBJC_IMPLEMENTATIONS = YES;
				CLANG_WARN_DIRECT_OBJC_ISA_USAGE = YES_ERROR;
				CLANG_WARN_DOCUMENTATION_COMMENTS = YES;
				CLANG_WARN_EMPTY_BODY = YES;
				CLANG_WARN_ENUM_CONVERSION = YES;
				CLANG_WARN_INFINITE_RECURSION = YES;
				CLANG_WARN_INT_CONVERSION = YES;
				CLANG_WARN_NON_LITERAL_NULL_CONVERSION = YES;
				CLANG_WARN_OBJC_IMPLICIT_RETAIN_SELF = YES;
				CLANG_WARN_OBJC_LITERAL_CONVERSION = YES;
				CLANG_WARN_OBJC_ROOT_CLASS = YES_ERROR;
				CLANG_WARN_QUOTED_INCLUDE_IN_FRAMEWORK_HEADER = YES;
				CLANG_WARN_RANGE_LOOP_ANALYSIS = YES;
				CLANG_WARN_STRICT_PROTOTYPES = YES;
				CLANG_WARN_SUSPICIOUS_MOVE = YES;
				CLANG_WARN_UNGUARDED_AVAILABILITY = YES_AGGRESSIVE;
				CLANG_WARN_UNREACHABLE_CODE = YES;
				CLANG_WARN__DUPLICATE_METHOD_MATCH = YES;
				COPY_PHASE_STRIP = NO;
				DEBUG_INFORMATION_FORMAT = "dwarf-with-dsym";
				ENABLE_NS_ASSERTIONS = NO;
				ENABLE_STRICT_OBJC_MSGSEND = YES;
				GCC_C_LANGUAGE_STANDARD = gnu11;
				GCC_NO_COMMON_BLOCKS = YES;
				GCC_WARN_64_TO_32_BIT_CONVERSION = YES;
				GCC_WARN_ABOUT_RETURN_TYPE = YES_ERROR;
				GCC_WARN_UNDECLARED_SELECTOR = YES;
				GCC_WARN_UNINITIALIZED_AUTOS = YES_AGGRESSIVE;
				GCC_WARN_UNUSED_FUNCTION = YES;
				GCC_WARN_UNUSED_VARIABLE = YES;
				IPHONEOS_DEPLOYMENT_TARGET = 14.5;
				MTL_ENABLE_DEBUG_INFO = NO;
				MTL_FAST_MATH = YES;
				SDKROOT = iphoneos;
				SWIFT_COMPILATION_MODE = wholemodule;
				SWIFT_OPTIMIZATION_LEVEL = "-O";
				VALIDATE_PRODUCT = YES;
			};
			name = Release;
		};
		84DADE222698A4F500D39864 /* Debug */ = {
			isa = XCBuildConfiguration;
			buildSettings = {
				ASSETCATALOG_COMPILER_APPICON_NAME = AppIcon;
				ASSETCATALOG_COMPILER_GLOBAL_ACCENT_COLOR_NAME = AccentColor;
				CODE_SIGN_STYLE = Automatic;
				DEVELOPMENT_TEAM = 7LSA5W5LLW;
				INFOPLIST_FILE = NerdzAppUpdatesDemo/Info.plist;
				LD_RUNPATH_SEARCH_PATHS = (
					"$(inherited)",
					"@executable_path/Frameworks",
				);
				PRODUCT_BUNDLE_IDENTIFIER = com.nerdzlab.NerdzAppUpdatesDemo;
				PRODUCT_NAME = "$(TARGET_NAME)";
				SWIFT_VERSION = 5.0;
				TARGETED_DEVICE_FAMILY = "1,2";
			};
			name = Debug;
		};
		84DADE232698A4F500D39864 /* Release */ = {
			isa = XCBuildConfiguration;
			buildSettings = {
				ASSETCATALOG_COMPILER_APPICON_NAME = AppIcon;
				ASSETCATALOG_COMPILER_GLOBAL_ACCENT_COLOR_NAME = AccentColor;
				CODE_SIGN_STYLE = Automatic;
				DEVELOPMENT_TEAM = 7LSA5W5LLW;
				INFOPLIST_FILE = NerdzAppUpdatesDemo/Info.plist;
				LD_RUNPATH_SEARCH_PATHS = (
					"$(inherited)",
					"@executable_path/Frameworks",
				);
				PRODUCT_BUNDLE_IDENTIFIER = com.nerdzlab.NerdzAppUpdatesDemo;
				PRODUCT_NAME = "$(TARGET_NAME)";
				SWIFT_VERSION = 5.0;
				TARGETED_DEVICE_FAMILY = "1,2";
			};
			name = Release;
		};
/* End XCBuildConfiguration section */

/* Begin XCConfigurationList section */
		84DADE082698A4F300D39864 /* Build configuration list for PBXProject "NerdzAppUpdatesDemo" */ = {
			isa = XCConfigurationList;
			buildConfigurations = (
				84DADE1F2698A4F500D39864 /* Debug */,
				84DADE202698A4F500D39864 /* Release */,
			);
			defaultConfigurationIsVisible = 0;
			defaultConfigurationName = Release;
		};
		84DADE212698A4F500D39864 /* Build configuration list for PBXNativeTarget "NerdzAppUpdatesDemo" */ = {
			isa = XCConfigurationList;
			buildConfigurations = (
				84DADE222698A4F500D39864 /* Debug */,
				84DADE232698A4F500D39864 /* Release */,
			);
			defaultConfigurationIsVisible = 0;
			defaultConfigurationName = Release;
		};
/* End XCConfigurationList section */

/* Begin XCRemoteSwiftPackageReference section */
		84AE26BE269C719D00BBD45B /* XCRemoteSwiftPackageReference "NerdzNetworking" */ = {
			isa = XCRemoteSwiftPackageReference;
			repositoryURL = "https://github.com/nerdzlab/NerdzNetworking.git";
			requirement = {
				kind = upToNextMajorVersion;
				minimumVersion = 1.1.2;
			};
		};
/* End XCRemoteSwiftPackageReference section */

/* Begin XCSwiftPackageProductDependency section */
		84AE26BF269C719D00BBD45B /* NerdzNetworking */ = {
			isa = XCSwiftPackageProductDependency;
			package = 84AE26BE269C719D00BBD45B /* XCRemoteSwiftPackageReference "NerdzNetworking" */;
			productName = NerdzNetworking;
		};
/* End XCSwiftPackageProductDependency section */
	};
	rootObject = 84DADE052698A4F300D39864 /* Project object */;
}
